
Microsoft Visual Studio Solution File, Format Version 12.00
# Visual Studio 14
VisualStudioVersion = 14.0.25123.0
MinimumVisualStudioVersion = 10.0.40219.1
Project("{FAE04EC0-301F-11D3-BF4B-00C04F79EFBC}") = "OrderSystem", "OrderSystem\OrderSystem.csproj", "{0E0A61B6-0D62-4A1F-87AE-FD2EF4A66C70}"
EndProject
Global
	GlobalSection(SolutionConfigurationPlatforms) = preSolution
		Debug|Any CPU = Debug|Any CPU
		Release|Any CPU = Release|Any CPU
	EndGlobalSection
	GlobalSection(ProjectConfigurationPlatforms) = postSolution
		{0E0A61B6-0D62-4A1F-87AE-FD2EF4A66C70}.Debug|Any CPU.ActiveCfg = Debug|Any CPU
		{0E0A61B6-0D62-4A1F-87AE-FD2EF4A66C70}.Debug|Any CPU.Build.0 = Debug|Any CPU
		{0E0A61B6-0D62-4A1F-87AE-FD2EF4A66C70}.Release|Any CPU.ActiveCfg = Release|Any CPU
		{0E0A61B6-0D62-4A1F-87AE-FD2EF4A66C70}.Release|Any CPU.Build.0 = Release|Any CPU
	EndGlobalSection
	GlobalSection(SolutionProperties) = preSolution
		HideSolutionNode = FALSE
	EndGlobalSection
EndGlobal
